
Microsoft Visual Studio Solution File, Format Version 12.00
# Visual Studio Version 16
VisualStudioVersion = 16.0.31321.278
MinimumVisualStudioVersion = 10.0.40219.1
Project("{FAE04EC0-301F-11D3-BF4B-00C04F79EFBC}") = "ZenStates", "ZenStates.csproj", "{EC38A2D3-C3F8-44E4-9B94-457D160F06D9}"
EndProject
Project("{FAE04EC0-301F-11D3-BF4B-00C04F79EFBC}") = "ZenStates-Core", "..\..\ZenStates.Core\ZenStates-Core.csproj", "{D2D449E1-8701-442F-B440-37188F8D2380}"
EndProject
Global
	GlobalSection(SolutionConfigurationPlatforms) = preSolution
		Debug|Any CPU = Debug|Any CPU
		Release|Any CPU = Release|Any CPU
	EndGlobalSection
	GlobalSection(ProjectConfigurationPlatforms) = postSolution
		{EC38A2D3-C3F8-44E4-9B94-457D160F06D9}.Debug|Any CPU.ActiveCfg = Debug|Any CPU
		{EC38A2D3-C3F8-44E4-9B94-457D160F06D9}.Debug|Any CPU.Build.0 = Debug|Any CPU
		{EC38A2D3-C3F8-44E4-9B94-457D160F06D9}.Release|Any CPU.ActiveCfg = Release|Any CPU
		{EC38A2D3-C3F8-44E4-9B94-457D160F06D9}.Release|Any CPU.Build.0 = Release|Any CPU
		{D2D449E1-8701-442F-B440-37188F8D2380}.Debug|Any CPU.ActiveCfg = Debug|Any CPU
		{D2D449E1-8701-442F-B440-37188F8D2380}.Debug|Any CPU.Build.0 = Debug|Any CPU
		{D2D449E1-8701-442F-B440-37188F8D2380}.Release|Any CPU.ActiveCfg = Release|Any CPU
		{D2D449E1-8701-442F-B440-37188F8D2380}.Release|Any CPU.Build.0 = Release|Any CPU
	EndGlobalSection
	GlobalSection(SolutionProperties) = preSolution
		HideSolutionNode = FALSE
	EndGlobalSection
	GlobalSection(ExtensibilityGlobals) = postSolution
		SolutionGuid = {5B1EBA40-031B-4747-B8DF-1D60A96EE531}
	EndGlobalSection
EndGlobal
